
Microsoft Visual Studio Solution File, Format Version 12.00
# Visual Studio Version 16
VisualStudioVersion = 16.0.31205.134
MinimumVisualStudioVersion = 10.0.40219.1
Project("{FAE04EC0-301F-11D3-BF4B-00C04F79EFBC}") = "OpenFTTH.RelationalProjector", "OpenFTTH.RelationalProjector\OpenFTTH.RelationalProjector.csproj", "{87FD3BAF-8455-409D-BEC8-6D5E18717FE6}"
EndProject
Project("{9A19103F-16F7-4668-BE54-9A1E7A4F7556}") = "OpenFTTH.EventSourcing", "..\open-ftth-event-sourcing\OpenFTTH.EventSourcing\OpenFTTH.EventSourcing.csproj", "{D65949D6-5B60-406C-BBA0-384AC3FA5589}"
EndProject
Global
	GlobalSection(SolutionConfigurationPlatforms) = preSolution
		Debug|Any CPU = Debug|Any CPU
		Release|Any CPU = Release|Any CPU
	EndGlobalSection
	GlobalSection(ProjectConfigurationPlatforms) = postSolution
		{87FD3BAF-8455-409D-BEC8-6D5E18717FE6}.Debug|Any CPU.ActiveCfg = Debug|Any CPU
		{87FD3BAF-8455-409D-BEC8-6D5E18717FE6}.Debug|Any CPU.Build.0 = Debug|Any CPU
		{87FD3BAF-8455-409D-BEC8-6D5E18717FE6}.Release|Any CPU.ActiveCfg = Release|Any CPU
		{87FD3BAF-8455-409D-BEC8-6D5E18717FE6}.Release|Any CPU.Build.0 = Release|Any CPU
		{D65949D6-5B60-406C-BBA0-384AC3FA5589}.Debug|Any CPU.ActiveCfg = Debug|Any CPU
		{D65949D6-5B60-406C-BBA0-384AC3FA5589}.Debug|Any CPU.Build.0 = Debug|Any CPU
		{D65949D6-5B60-406C-BBA0-384AC3FA5589}.Release|Any CPU.ActiveCfg = Release|Any CPU
		{D65949D6-5B60-406C-BBA0-384AC3FA5589}.Release|Any CPU.Build.0 = Release|Any CPU
	EndGlobalSection
	GlobalSection(SolutionProperties) = preSolution
		HideSolutionNode = FALSE
	EndGlobalSection
	GlobalSection(ExtensibilityGlobals) = postSolution
		SolutionGuid = {D12A12D9-1160-47CC-AA5B-CD02721CBAA3}
	EndGlobalSection
EndGlobal
